
Microsoft Visual Studio Solution File, Format Version 12.00
# Visual Studio 15
VisualStudioVersion = 15.0.28010.2046
MinimumVisualStudioVersion = 10.0.40219.1
Project("{9A19103F-16F7-4668-BE54-9A1E7A4F7556}") = "KnightBus.Azure.ServiceBus", "src\KnightBus.Azure.ServiceBus\KnightBus.Azure.ServiceBus.csproj", "{2099D928-5F3D-48A0-83E2-E0CB9CD09A11}"
EndProject
Project("{9A19103F-16F7-4668-BE54-9A1E7A4F7556}") = "KnightBus.Azure.ServiceBus.Messages", "src\KnightBus.Azure.ServiceBus.Messages\KnightBus.Azure.ServiceBus.Messages.csproj", "{D592F907-143A-451E-BE20-B3336140D339}"
EndProject
Project("{9A19103F-16F7-4668-BE54-9A1E7A4F7556}") = "KnightBus.Messages", "..\knightbus\src\KnightBus.Messages\KnightBus.Messages.csproj", "{CB2F9BBD-FC13-4119-B51D-2F80F76A711A}"
EndProject
Project("{9A19103F-16F7-4668-BE54-9A1E7A4F7556}") = "KnightBus.Core", "..\knightbus\src\KnightBus.Core\KnightBus.Core.csproj", "{0D257716-81A4-43C0-9229-148166925421}"
EndProject
Global
	GlobalSection(SolutionConfigurationPlatforms) = preSolution
		Debug|Any CPU = Debug|Any CPU
		Release|Any CPU = Release|Any CPU
	EndGlobalSection
	GlobalSection(ProjectConfigurationPlatforms) = postSolution
		{2099D928-5F3D-48A0-83E2-E0CB9CD09A11}.Debug|Any CPU.ActiveCfg = Debug|Any CPU
		{2099D928-5F3D-48A0-83E2-E0CB9CD09A11}.Debug|Any CPU.Build.0 = Debug|Any CPU
		{2099D928-5F3D-48A0-83E2-E0CB9CD09A11}.Release|Any CPU.ActiveCfg = Release|Any CPU
		{2099D928-5F3D-48A0-83E2-E0CB9CD09A11}.Release|Any CPU.Build.0 = Release|Any CPU
		{D592F907-143A-451E-BE20-B3336140D339}.Debug|Any CPU.ActiveCfg = Debug|Any CPU
		{D592F907-143A-451E-BE20-B3336140D339}.Debug|Any CPU.Build.0 = Debug|Any CPU
		{D592F907-143A-451E-BE20-B3336140D339}.Release|Any CPU.ActiveCfg = Release|Any CPU
		{D592F907-143A-451E-BE20-B3336140D339}.Release|Any CPU.Build.0 = Release|Any CPU
		{CB2F9BBD-FC13-4119-B51D-2F80F76A711A}.Debug|Any CPU.ActiveCfg = Debug|Any CPU
		{CB2F9BBD-FC13-4119-B51D-2F80F76A711A}.Debug|Any CPU.Build.0 = Debug|Any CPU
		{CB2F9BBD-FC13-4119-B51D-2F80F76A711A}.Release|Any CPU.ActiveCfg = Release|Any CPU
		{CB2F9BBD-FC13-4119-B51D-2F80F76A711A}.Release|Any CPU.Build.0 = Release|Any CPU
		{0D257716-81A4-43C0-9229-148166925421}.Debug|Any CPU.ActiveCfg = Debug|Any CPU
		{0D257716-81A4-43C0-9229-148166925421}.Debug|Any CPU.Build.0 = Debug|Any CPU
		{0D257716-81A4-43C0-9229-148166925421}.Release|Any CPU.ActiveCfg = Release|Any CPU
		{0D257716-81A4-43C0-9229-148166925421}.Release|Any CPU.Build.0 = Release|Any CPU
	EndGlobalSection
	GlobalSection(SolutionProperties) = preSolution
		HideSolutionNode = FALSE
	EndGlobalSection
	GlobalSection(ExtensibilityGlobals) = postSolution
		SolutionGuid = {A2805593-31CC-44F5-AFBE-2515A5F5A825}
	EndGlobalSection
EndGlobal
