
Microsoft Visual Studio Solution File, Format Version 12.00
# Visual Studio Version 16
VisualStudioVersion = 16.0.29009.5
MinimumVisualStudioVersion = 10.0.40219.1
Project("{9A19103F-16F7-4668-BE54-9A1E7A4F7556}") = "KnightBus.Core", "knightbus\src\KnightBus.Core\KnightBus.Core.csproj", "{E08DA575-CB4C-473B-9A6C-1AAFF05BD15B}"
EndProject
Project("{9A19103F-16F7-4668-BE54-9A1E7A4F7556}") = "KnightBus.Host", "knightbus\src\KnightBus.Host\KnightBus.Host.csproj", "{44A2794E-2A9A-4532-93C7-77342AC74AD9}"
EndProject
Project("{9A19103F-16F7-4668-BE54-9A1E7A4F7556}") = "KnightBus.Messages", "knightbus\src\KnightBus.Messages\KnightBus.Messages.csproj", "{9B68E4F6-E70B-4261-8568-7AD595C965F8}"
EndProject
Project("{9A19103F-16F7-4668-BE54-9A1E7A4F7556}") = "KnightBus.Core.Tests.Unit", "knightbus\tests\KnightBus.Core.Tests.Unit\KnightBus.Core.Tests.Unit.csproj", "{D56F494C-EE29-4FA9-9FA8-785E496C73AF}"
EndProject
Project("{9A19103F-16F7-4668-BE54-9A1E7A4F7556}") = "KnightBus.Host.Tests.Unit", "knightbus\tests\KnightBus.Host.Tests.Unit\KnightBus.Host.Tests.Unit.csproj", "{227165A5-9C2C-4F4A-ABB0-AFDF7F26A47B}"
EndProject
Project("{9A19103F-16F7-4668-BE54-9A1E7A4F7556}") = "KnightBus.SimpleInjector", "knightbus-simpleinjector\src\KnightBus.SimpleInjector\KnightBus.SimpleInjector.csproj", "{FEEB7C70-DEE9-47CA-A5F7-A6427F8C2163}"
EndProject
Project("{9A19103F-16F7-4668-BE54-9A1E7A4F7556}") = "KnightBus.Serilog", "knightbus-serilog\src\KnightBus.Serilog\KnightBus.Serilog.csproj", "{3B4450C2-82CD-4BA0-BF4F-9B8D140662D3}"
EndProject
Project("{9A19103F-16F7-4668-BE54-9A1E7A4F7556}") = "KnightBus.Azure.ServiceBus.Messages", "knightbus-azureservicebus\src\KnightBus.Azure.ServiceBus.Messages\KnightBus.Azure.ServiceBus.Messages.csproj", "{82F7F082-02F0-448E-B63A-1FC00B41AC02}"
EndProject
Project("{9A19103F-16F7-4668-BE54-9A1E7A4F7556}") = "KnightBus.Azure.ServiceBus", "knightbus-azureservicebus\src\KnightBus.Azure.ServiceBus\KnightBus.Azure.ServiceBus.csproj", "{1153465A-C28E-4FEE-9D26-7A80114AB229}"
EndProject
Project("{9A19103F-16F7-4668-BE54-9A1E7A4F7556}") = "KnightBus.Azure.Storage.Messages", "knightbus-azurestorage\src\KnightBus.Azure.Storage.Messages\KnightBus.Azure.Storage.Messages.csproj", "{7FE700F2-1DD3-42F4-B4E1-C9F36B9E2FBF}"
EndProject
Project("{9A19103F-16F7-4668-BE54-9A1E7A4F7556}") = "KnightBus.Azure.Storage", "knightbus-azurestorage\src\KnightBus.Azure.Storage\KnightBus.Azure.Storage.csproj", "{EB4B0858-2DF9-4BCC-AAE9-2B3FB071DBEF}"
EndProject
Project("{9A19103F-16F7-4668-BE54-9A1E7A4F7556}") = "KnightBus.Azure.Storage.Tests.Unit", "knightbus-azurestorage\tests\KnightBus.Azure.Storage.Tests.Unit\KnightBus.Azure.Storage.Tests.Unit.csproj", "{21E733BA-CB28-4337-939D-8C5E3A2EB200}"
EndProject
Project("{9A19103F-16F7-4668-BE54-9A1E7A4F7556}") = "KnightBus.Examples.Azure.ServiceBus", "knightbus\examples\KnightBus.Examples.Azure.ServiceBus\KnightBus.Examples.Azure.ServiceBus.csproj", "{FC27C3D5-3EA2-4746-B00A-6D93E4F5ED77}"
EndProject
Project("{9A19103F-16F7-4668-BE54-9A1E7A4F7556}") = "KnightBus.Examples.Azure.Storage", "knightbus\examples\KnightBus.Examples.Azure.Storage\KnightBus.Examples.Azure.Storage.csproj", "{8D857EE4-99A6-491B-AC65-16403C0088D3}"
EndProject
Project("{2150E333-8FDC-42A3-9474-1A3956D46DE8}") = "Examples", "Examples", "{1A7A20B2-65E7-4712-B93B-4AA3F73017A8}"
EndProject
Project("{2150E333-8FDC-42A3-9474-1A3956D46DE8}") = "Transports", "Transports", "{60DD8989-3730-42B9-BD7B-3B38A6208FFB}"
EndProject
Project("{2150E333-8FDC-42A3-9474-1A3956D46DE8}") = "AzureServiceBus", "AzureServiceBus", "{BFEEC811-DB77-4EF0-B43E-238FAF440E3A}"
EndProject
Project("{2150E333-8FDC-42A3-9474-1A3956D46DE8}") = "AzureStorage", "AzureStorage", "{46D48336-73CC-4A9B-8B5F-14725D2AFFB4}"
EndProject
Project("{9A19103F-16F7-4668-BE54-9A1E7A4F7556}") = "KnightBus.Azure.ServiceBus.Unit", "KnightBus.Azure.ServiceBus.Unit\KnightBus.Azure.ServiceBus.Unit.csproj", "{B2075298-B4EE-4BD1-B541-D47C3E8A82D3}"
EndProject
Project("{9A19103F-16F7-4668-BE54-9A1E7A4F7556}") = "KnightBus.ApplicationInsights", "knightbus-applicationinsights\src\KnightBus.ApplicationInsights\KnightBus.ApplicationInsights.csproj", "{0B201B24-B796-42AA-BD85-556ACB5E6C35}"
EndProject
Project("{9A19103F-16F7-4668-BE54-9A1E7A4F7556}") = "KnightBus.Microsoft.DependencyInjection", "knightbus-microsoft-dependencyinjection\src\KnightBus.Microsoft.DependencyInjection\KnightBus.Microsoft.DependencyInjection.csproj", "{0CF87A75-F4E6-43E5-AD33-8F0190CC7E1C}"
EndProject
Project("{FAE04EC0-301F-11D3-BF4B-00C04F79EFBC}") = "KnightBus.SqlServer", "knightbus-sqlserver\KnightBus.SqlServer\KnightBus.SqlServer.csproj", "{3F7DFF68-258C-4DA8-96EF-83DC4996C940}"
EndProject
Project("{FAE04EC0-301F-11D3-BF4B-00C04F79EFBC}") = "KnightBus.SqlServer.Tests.Integration", "knightbus-sqlserver\KnightBus.SqlServer.Tests.Integration\KnightBus.SqlServer.Tests.Integration.csproj", "{572C138D-9F91-4991-B32D-DA90A98B6441}"
EndProject
Global
	GlobalSection(SolutionConfigurationPlatforms) = preSolution
		Debug|Any CPU = Debug|Any CPU
		Release|Any CPU = Release|Any CPU
	EndGlobalSection
	GlobalSection(ProjectConfigurationPlatforms) = postSolution
		{E08DA575-CB4C-473B-9A6C-1AAFF05BD15B}.Debug|Any CPU.ActiveCfg = Debug|Any CPU
		{E08DA575-CB4C-473B-9A6C-1AAFF05BD15B}.Debug|Any CPU.Build.0 = Debug|Any CPU
		{E08DA575-CB4C-473B-9A6C-1AAFF05BD15B}.Release|Any CPU.ActiveCfg = Release|Any CPU
		{E08DA575-CB4C-473B-9A6C-1AAFF05BD15B}.Release|Any CPU.Build.0 = Release|Any CPU
		{44A2794E-2A9A-4532-93C7-77342AC74AD9}.Debug|Any CPU.ActiveCfg = Debug|Any CPU
		{44A2794E-2A9A-4532-93C7-77342AC74AD9}.Debug|Any CPU.Build.0 = Debug|Any CPU
		{44A2794E-2A9A-4532-93C7-77342AC74AD9}.Release|Any CPU.ActiveCfg = Release|Any CPU
		{44A2794E-2A9A-4532-93C7-77342AC74AD9}.Release|Any CPU.Build.0 = Release|Any CPU
		{9B68E4F6-E70B-4261-8568-7AD595C965F8}.Debug|Any CPU.ActiveCfg = Debug|Any CPU
		{9B68E4F6-E70B-4261-8568-7AD595C965F8}.Debug|Any CPU.Build.0 = Debug|Any CPU
		{9B68E4F6-E70B-4261-8568-7AD595C965F8}.Release|Any CPU.ActiveCfg = Release|Any CPU
		{9B68E4F6-E70B-4261-8568-7AD595C965F8}.Release|Any CPU.Build.0 = Release|Any CPU
		{D56F494C-EE29-4FA9-9FA8-785E496C73AF}.Debug|Any CPU.ActiveCfg = Debug|Any CPU
		{D56F494C-EE29-4FA9-9FA8-785E496C73AF}.Debug|Any CPU.Build.0 = Debug|Any CPU
		{D56F494C-EE29-4FA9-9FA8-785E496C73AF}.Release|Any CPU.ActiveCfg = Release|Any CPU
		{D56F494C-EE29-4FA9-9FA8-785E496C73AF}.Release|Any CPU.Build.0 = Release|Any CPU
		{227165A5-9C2C-4F4A-ABB0-AFDF7F26A47B}.Debug|Any CPU.ActiveCfg = Debug|Any CPU
		{227165A5-9C2C-4F4A-ABB0-AFDF7F26A47B}.Debug|Any CPU.Build.0 = Debug|Any CPU
		{227165A5-9C2C-4F4A-ABB0-AFDF7F26A47B}.Release|Any CPU.ActiveCfg = Release|Any CPU
		{227165A5-9C2C-4F4A-ABB0-AFDF7F26A47B}.Release|Any CPU.Build.0 = Release|Any CPU
		{FEEB7C70-DEE9-47CA-A5F7-A6427F8C2163}.Debug|Any CPU.ActiveCfg = Debug|Any CPU
		{FEEB7C70-DEE9-47CA-A5F7-A6427F8C2163}.Debug|Any CPU.Build.0 = Debug|Any CPU
		{FEEB7C70-DEE9-47CA-A5F7-A6427F8C2163}.Release|Any CPU.ActiveCfg = Release|Any CPU
		{FEEB7C70-DEE9-47CA-A5F7-A6427F8C2163}.Release|Any CPU.Build.0 = Release|Any CPU
		{3B4450C2-82CD-4BA0-BF4F-9B8D140662D3}.Debug|Any CPU.ActiveCfg = Debug|Any CPU
		{3B4450C2-82CD-4BA0-BF4F-9B8D140662D3}.Debug|Any CPU.Build.0 = Debug|Any CPU
		{3B4450C2-82CD-4BA0-BF4F-9B8D140662D3}.Release|Any CPU.ActiveCfg = Release|Any CPU
		{3B4450C2-82CD-4BA0-BF4F-9B8D140662D3}.Release|Any CPU.Build.0 = Release|Any CPU
		{82F7F082-02F0-448E-B63A-1FC00B41AC02}.Debug|Any CPU.ActiveCfg = Debug|Any CPU
		{82F7F082-02F0-448E-B63A-1FC00B41AC02}.Debug|Any CPU.Build.0 = Debug|Any CPU
		{82F7F082-02F0-448E-B63A-1FC00B41AC02}.Release|Any CPU.ActiveCfg = Release|Any CPU
		{82F7F082-02F0-448E-B63A-1FC00B41AC02}.Release|Any CPU.Build.0 = Release|Any CPU
		{1153465A-C28E-4FEE-9D26-7A80114AB229}.Debug|Any CPU.ActiveCfg = Debug|Any CPU
		{1153465A-C28E-4FEE-9D26-7A80114AB229}.Debug|Any CPU.Build.0 = Debug|Any CPU
		{1153465A-C28E-4FEE-9D26-7A80114AB229}.Release|Any CPU.ActiveCfg = Release|Any CPU
		{1153465A-C28E-4FEE-9D26-7A80114AB229}.Release|Any CPU.Build.0 = Release|Any CPU
		{7FE700F2-1DD3-42F4-B4E1-C9F36B9E2FBF}.Debug|Any CPU.ActiveCfg = Debug|Any CPU
		{7FE700F2-1DD3-42F4-B4E1-C9F36B9E2FBF}.Debug|Any CPU.Build.0 = Debug|Any CPU
		{7FE700F2-1DD3-42F4-B4E1-C9F36B9E2FBF}.Release|Any CPU.ActiveCfg = Release|Any CPU
		{7FE700F2-1DD3-42F4-B4E1-C9F36B9E2FBF}.Release|Any CPU.Build.0 = Release|Any CPU
		{EB4B0858-2DF9-4BCC-AAE9-2B3FB071DBEF}.Debug|Any CPU.ActiveCfg = Debug|Any CPU
		{EB4B0858-2DF9-4BCC-AAE9-2B3FB071DBEF}.Debug|Any CPU.Build.0 = Debug|Any CPU
		{EB4B0858-2DF9-4BCC-AAE9-2B3FB071DBEF}.Release|Any CPU.ActiveCfg = Release|Any CPU
		{EB4B0858-2DF9-4BCC-AAE9-2B3FB071DBEF}.Release|Any CPU.Build.0 = Release|Any CPU
		{21E733BA-CB28-4337-939D-8C5E3A2EB200}.Debug|Any CPU.ActiveCfg = Debug|Any CPU
		{21E733BA-CB28-4337-939D-8C5E3A2EB200}.Debug|Any CPU.Build.0 = Debug|Any CPU
		{21E733BA-CB28-4337-939D-8C5E3A2EB200}.Release|Any CPU.ActiveCfg = Release|Any CPU
		{21E733BA-CB28-4337-939D-8C5E3A2EB200}.Release|Any CPU.Build.0 = Release|Any CPU
		{FC27C3D5-3EA2-4746-B00A-6D93E4F5ED77}.Debug|Any CPU.ActiveCfg = Debug|Any CPU
		{FC27C3D5-3EA2-4746-B00A-6D93E4F5ED77}.Debug|Any CPU.Build.0 = Debug|Any CPU
		{FC27C3D5-3EA2-4746-B00A-6D93E4F5ED77}.Release|Any CPU.ActiveCfg = Release|Any CPU
		{FC27C3D5-3EA2-4746-B00A-6D93E4F5ED77}.Release|Any CPU.Build.0 = Release|Any CPU
		{8D857EE4-99A6-491B-AC65-16403C0088D3}.Debug|Any CPU.ActiveCfg = Debug|Any CPU
		{8D857EE4-99A6-491B-AC65-16403C0088D3}.Debug|Any CPU.Build.0 = Debug|Any CPU
		{8D857EE4-99A6-491B-AC65-16403C0088D3}.Release|Any CPU.ActiveCfg = Release|Any CPU
		{8D857EE4-99A6-491B-AC65-16403C0088D3}.Release|Any CPU.Build.0 = Release|Any CPU
		{B2075298-B4EE-4BD1-B541-D47C3E8A82D3}.Debug|Any CPU.ActiveCfg = Debug|Any CPU
		{B2075298-B4EE-4BD1-B541-D47C3E8A82D3}.Debug|Any CPU.Build.0 = Debug|Any CPU
		{B2075298-B4EE-4BD1-B541-D47C3E8A82D3}.Release|Any CPU.ActiveCfg = Release|Any CPU
		{B2075298-B4EE-4BD1-B541-D47C3E8A82D3}.Release|Any CPU.Build.0 = Release|Any CPU
		{0B201B24-B796-42AA-BD85-556ACB5E6C35}.Debug|Any CPU.ActiveCfg = Debug|Any CPU
		{0B201B24-B796-42AA-BD85-556ACB5E6C35}.Debug|Any CPU.Build.0 = Debug|Any CPU
		{0B201B24-B796-42AA-BD85-556ACB5E6C35}.Release|Any CPU.ActiveCfg = Release|Any CPU
		{0B201B24-B796-42AA-BD85-556ACB5E6C35}.Release|Any CPU.Build.0 = Release|Any CPU
		{0CF87A75-F4E6-43E5-AD33-8F0190CC7E1C}.Debug|Any CPU.ActiveCfg = Debug|Any CPU
		{0CF87A75-F4E6-43E5-AD33-8F0190CC7E1C}.Debug|Any CPU.Build.0 = Debug|Any CPU
		{0CF87A75-F4E6-43E5-AD33-8F0190CC7E1C}.Release|Any CPU.ActiveCfg = Release|Any CPU
		{0CF87A75-F4E6-43E5-AD33-8F0190CC7E1C}.Release|Any CPU.Build.0 = Release|Any CPU
		{3F7DFF68-258C-4DA8-96EF-83DC4996C940}.Debug|Any CPU.ActiveCfg = Debug|Any CPU
		{3F7DFF68-258C-4DA8-96EF-83DC4996C940}.Debug|Any CPU.Build.0 = Debug|Any CPU
		{3F7DFF68-258C-4DA8-96EF-83DC4996C940}.Release|Any CPU.ActiveCfg = Release|Any CPU
		{3F7DFF68-258C-4DA8-96EF-83DC4996C940}.Release|Any CPU.Build.0 = Release|Any CPU
		{572C138D-9F91-4991-B32D-DA90A98B6441}.Debug|Any CPU.ActiveCfg = Debug|Any CPU
		{572C138D-9F91-4991-B32D-DA90A98B6441}.Debug|Any CPU.Build.0 = Debug|Any CPU
		{572C138D-9F91-4991-B32D-DA90A98B6441}.Release|Any CPU.ActiveCfg = Release|Any CPU
		{572C138D-9F91-4991-B32D-DA90A98B6441}.Release|Any CPU.Build.0 = Release|Any CPU
	EndGlobalSection
	GlobalSection(SolutionProperties) = preSolution
		HideSolutionNode = FALSE
	EndGlobalSection
	GlobalSection(NestedProjects) = preSolution
		{82F7F082-02F0-448E-B63A-1FC00B41AC02} = {BFEEC811-DB77-4EF0-B43E-238FAF440E3A}
		{1153465A-C28E-4FEE-9D26-7A80114AB229} = {BFEEC811-DB77-4EF0-B43E-238FAF440E3A}
		{7FE700F2-1DD3-42F4-B4E1-C9F36B9E2FBF} = {46D48336-73CC-4A9B-8B5F-14725D2AFFB4}
		{EB4B0858-2DF9-4BCC-AAE9-2B3FB071DBEF} = {46D48336-73CC-4A9B-8B5F-14725D2AFFB4}
		{21E733BA-CB28-4337-939D-8C5E3A2EB200} = {46D48336-73CC-4A9B-8B5F-14725D2AFFB4}
		{FC27C3D5-3EA2-4746-B00A-6D93E4F5ED77} = {1A7A20B2-65E7-4712-B93B-4AA3F73017A8}
		{8D857EE4-99A6-491B-AC65-16403C0088D3} = {1A7A20B2-65E7-4712-B93B-4AA3F73017A8}
		{BFEEC811-DB77-4EF0-B43E-238FAF440E3A} = {60DD8989-3730-42B9-BD7B-3B38A6208FFB}
		{46D48336-73CC-4A9B-8B5F-14725D2AFFB4} = {60DD8989-3730-42B9-BD7B-3B38A6208FFB}
		{B2075298-B4EE-4BD1-B541-D47C3E8A82D3} = {BFEEC811-DB77-4EF0-B43E-238FAF440E3A}
	EndGlobalSection
	GlobalSection(ExtensibilityGlobals) = postSolution
		SolutionGuid = {14950A56-4265-429E-AF71-2D98B3B8AC48}
	EndGlobalSection
EndGlobal
