
Microsoft Visual Studio Solution File, Format Version 12.00
# Visual Studio Version 17
VisualStudioVersion = 17.0.31912.275
MinimumVisualStudioVersion = 10.0.40219.1
Project("{9A19103F-16F7-4668-BE54-9A1E7A4F7556}") = "KnightBus.Core", "knightbus\src\KnightBus.Core\KnightBus.Core.csproj", "{E08DA575-CB4C-473B-9A6C-1AAFF05BD15B}"
EndProject
Project("{9A19103F-16F7-4668-BE54-9A1E7A4F7556}") = "KnightBus.Host", "knightbus\src\KnightBus.Host\KnightBus.Host.csproj", "{44A2794E-2A9A-4532-93C7-77342AC74AD9}"
EndProject
Project("{9A19103F-16F7-4668-BE54-9A1E7A4F7556}") = "KnightBus.Messages", "knightbus\src\KnightBus.Messages\KnightBus.Messages.csproj", "{9B68E4F6-E70B-4261-8568-7AD595C965F8}"
EndProject
Project("{9A19103F-16F7-4668-BE54-9A1E7A4F7556}") = "KnightBus.Core.Tests.Unit", "knightbus\tests\KnightBus.Core.Tests.Unit\KnightBus.Core.Tests.Unit.csproj", "{D56F494C-EE29-4FA9-9FA8-785E496C73AF}"
EndProject
Project("{9A19103F-16F7-4668-BE54-9A1E7A4F7556}") = "KnightBus.Host.Tests.Unit", "knightbus\tests\KnightBus.Host.Tests.Unit\KnightBus.Host.Tests.Unit.csproj", "{227165A5-9C2C-4F4A-ABB0-AFDF7F26A47B}"
EndProject
Project("{9A19103F-16F7-4668-BE54-9A1E7A4F7556}") = "KnightBus.Azure.ServiceBus.Messages", "knightbus-azureservicebus\src\KnightBus.Azure.ServiceBus.Messages\KnightBus.Azure.ServiceBus.Messages.csproj", "{82F7F082-02F0-448E-B63A-1FC00B41AC02}"
EndProject
Project("{9A19103F-16F7-4668-BE54-9A1E7A4F7556}") = "KnightBus.Azure.ServiceBus", "knightbus-azureservicebus\src\KnightBus.Azure.ServiceBus\KnightBus.Azure.ServiceBus.csproj", "{1153465A-C28E-4FEE-9D26-7A80114AB229}"
EndProject
Project("{9A19103F-16F7-4668-BE54-9A1E7A4F7556}") = "KnightBus.Azure.Storage.Messages", "knightbus-azurestorage\src\KnightBus.Azure.Storage.Messages\KnightBus.Azure.Storage.Messages.csproj", "{7FE700F2-1DD3-42F4-B4E1-C9F36B9E2FBF}"
EndProject
Project("{9A19103F-16F7-4668-BE54-9A1E7A4F7556}") = "KnightBus.Azure.Storage", "knightbus-azurestorage\src\KnightBus.Azure.Storage\KnightBus.Azure.Storage.csproj", "{EB4B0858-2DF9-4BCC-AAE9-2B3FB071DBEF}"
EndProject
Project("{9A19103F-16F7-4668-BE54-9A1E7A4F7556}") = "KnightBus.Azure.Storage.Tests.Unit", "knightbus-azurestorage\tests\KnightBus.Azure.Storage.Tests.Unit\KnightBus.Azure.Storage.Tests.Unit.csproj", "{21E733BA-CB28-4337-939D-8C5E3A2EB200}"
EndProject
Project("{9A19103F-16F7-4668-BE54-9A1E7A4F7556}") = "KnightBus.Examples.Azure.ServiceBus", "knightbus\examples\KnightBus.Examples.Azure.ServiceBus\KnightBus.Examples.Azure.ServiceBus.csproj", "{FC27C3D5-3EA2-4746-B00A-6D93E4F5ED77}"
EndProject
Project("{9A19103F-16F7-4668-BE54-9A1E7A4F7556}") = "KnightBus.Examples.Azure.Storage", "knightbus\examples\KnightBus.Examples.Azure.Storage\KnightBus.Examples.Azure.Storage.csproj", "{8D857EE4-99A6-491B-AC65-16403C0088D3}"
EndProject
Project("{2150E333-8FDC-42A3-9474-1A3956D46DE8}") = "Examples", "Examples", "{1A7A20B2-65E7-4712-B93B-4AA3F73017A8}"
EndProject
Project("{2150E333-8FDC-42A3-9474-1A3956D46DE8}") = "Transports", "Transports", "{60DD8989-3730-42B9-BD7B-3B38A6208FFB}"
EndProject
Project("{2150E333-8FDC-42A3-9474-1A3956D46DE8}") = "AzureServiceBus", "AzureServiceBus", "{BFEEC811-DB77-4EF0-B43E-238FAF440E3A}"
EndProject
Project("{2150E333-8FDC-42A3-9474-1A3956D46DE8}") = "AzureStorage", "AzureStorage", "{46D48336-73CC-4A9B-8B5F-14725D2AFFB4}"
EndProject
Project("{9A19103F-16F7-4668-BE54-9A1E7A4F7556}") = "KnightBus.Redis", "knightbus-redis\src\KnightBus.Redis\KnightBus.Redis.csproj", "{937D8E35-3F93-43DC-B5BD-81D758B06256}"
EndProject
Project("{9A19103F-16F7-4668-BE54-9A1E7A4F7556}") = "KnightBus.Redis.Messages", "knightbus-redis\src\KnightBus.Redis.Messages\KnightBus.Redis.Messages.csproj", "{C8BD5072-287A-45F9-8734-F4EE505ABB0F}"
EndProject
Project("{2150E333-8FDC-42A3-9474-1A3956D46DE8}") = "Redis", "Redis", "{09D121DD-771E-478D-8E10-080D65929948}"
EndProject
Project("{9A19103F-16F7-4668-BE54-9A1E7A4F7556}") = "KnightBus.Examples.Redis", "knightbus\examples\KnightBus.Examples.Redis\KnightBus.Examples.Redis.csproj", "{04087FF9-1A26-4230-807F-135E452453C3}"
EndProject
Project("{9A19103F-16F7-4668-BE54-9A1E7A4F7556}") = "KnightBus.Microsoft.DependencyInjection", "knightbus-microsoft-dependencyinjection\src\KnightBus.Microsoft.DependencyInjection\KnightBus.Microsoft.DependencyInjection.csproj", "{0CF87A75-F4E6-43E5-AD33-8F0190CC7E1C}"
EndProject
Project("{9A19103F-16F7-4668-BE54-9A1E7A4F7556}") = "KnightBus.SqlServer", "knightbus-sqlserver\src\KnightBus.SqlServer\KnightBus.SqlServer.csproj", "{F1E48797-D982-45B6-8974-27443653BD06}"
EndProject
Project("{9A19103F-16F7-4668-BE54-9A1E7A4F7556}") = "KnightBus.SqlServer.Tests.Integration", "knightbus-sqlserver\tests\KnightBus.SqlServer.Tests.Integration\KnightBus.SqlServer.Tests.Integration.csproj", "{4B4B81DE-F55A-41D0-8A81-ACDE0E6F8D70}"
EndProject
Project("{9A19103F-16F7-4668-BE54-9A1E7A4F7556}") = "KnightBus.Schedule", "knightbus-schedule\src\KnightBus.Schedule\KnightBus.Schedule.csproj", "{7581A813-255D-4B0F-B6FC-B759523780A5}"
EndProject
Project("{9A19103F-16F7-4668-BE54-9A1E7A4F7556}") = "KnightBus.ApplicationInsights", "knightbus-applicationinsights\src\KnightBus.ApplicationInsights\KnightBus.ApplicationInsights.csproj", "{2B1B4AE9-18FF-4D79-92BB-C337EC665974}"
EndProject
Project("{9A19103F-16F7-4668-BE54-9A1E7A4F7556}") = "KnightBus.Examples.Schedule", "knightbus\examples\KnightBus.Examples.Schedule\KnightBus.Examples.Schedule.csproj", "{3BB50500-1F7C-44B0-9310-A5B1EE0A1E44}"
EndProject
Project("{9A19103F-16F7-4668-BE54-9A1E7A4F7556}") = "KnightBus.Schedule.Tests.Unit", "knightbus-schedule\tests\KnightBus.Schedule.Tests.Unit\KnightBus.Schedule.Tests.Unit.csproj", "{35C6CE61-34EC-4854-AD37-994A9454C6B9}"
EndProject
Project("{9A19103F-16F7-4668-BE54-9A1E7A4F7556}") = "KnightBus.Redis.Tests.Integration", "knightbus-redis\tests\KnightBus.Redis.Tests.Integration\KnightBus.Redis.Tests.Integration.csproj", "{BD6A7EC2-E5A7-48C9-ADA4-0E3A824D8717}"
EndProject
Project("{9A19103F-16F7-4668-BE54-9A1E7A4F7556}") = "KnightBus.Redis.Tests.Unit", "knightbus-redis\tests\KnightBus.Redis.Tests.Unit\KnightBus.Redis.Tests.Unit.csproj", "{495A52A9-3268-4744-BCD4-BEEECDD525F7}"
EndProject
Project("{9A19103F-16F7-4668-BE54-9A1E7A4F7556}") = "KnightBus.DependencyInjection.Tests.Unit", "knightbus\tests\KnightBus.DependencyInjection.Tests.Unit\KnightBus.DependencyInjection.Tests.Unit.csproj", "{A99FCB87-B55A-42D7-9ED8-229A03321E2D}"
EndProject
Project("{9A19103F-16F7-4668-BE54-9A1E7A4F7556}") = "KnightBus.NewRelic", "knightbus-newrelic\src\KnightBus.NewRelic\KnightBus.NewRelic.csproj", "{30C220D7-0F23-4742-9856-3D6466A1857A}"
EndProject
Project("{9A19103F-16F7-4668-BE54-9A1E7A4F7556}") = "KnightBus.Azure.Storage.Tests.Integration", "knightbus-azurestorage\tests\KnightBus.Azure.Storage.Tests.Integration\KnightBus.Azure.Storage.Tests.Integration.csproj", "{35D22A20-2E1E-4CA7-8EE4-A33C5A08AD11}"
EndProject
Project("{2150E333-8FDC-42A3-9474-1A3956D46DE8}") = "Solution Items", "Solution Items", "{F5818956-2DE2-41CE-A529-93B3E5E35619}"
	ProjectSection(SolutionItems) = preProject
		appveyor.yml = appveyor.yml
		CHANGELOG.md = CHANGELOG.md
		README.md = README.md
	EndProjectSection
EndProject
Project("{9A19103F-16F7-4668-BE54-9A1E7A4F7556}") = "KnightBus.Shared.Tests.Integration", "knightbus\tests\KnightBus.Shared.Tests.Integration\KnightBus.Shared.Tests.Integration.csproj", "{7E533C8D-75F9-46A9-B1F0-186E6EBE6A84}"
EndProject
Project("{9A19103F-16F7-4668-BE54-9A1E7A4F7556}") = "KnightBus.ProtobufNet", "knightbus-protobuf-net\src\KnightBus.ProtobufNet\KnightBus.ProtobufNet.csproj", "{E90F3022-E41B-452A-8991-EB615621BC8C}"
EndProject
Project("{9A19103F-16F7-4668-BE54-9A1E7A4F7556}") = "KnightBus.MessagePack", "knightbus-messagepack\src\KnightBus.MessagePack\KnightBus.MessagePack.csproj", "{C7125035-C8A5-4036-915E-817FBCAC7FBA}"
EndProject
Project("{9A19103F-16F7-4668-BE54-9A1E7A4F7556}") = "KnightBus.Newtonsoft", "knightbus-newtonsoft\src\KnightBus.Newtonsoft\KnightBus.Newtonsoft.csproj", "{D50B4102-ABDC-4DCD-91E8-37DE31247CA3}"
EndProject
Project("{9A19103F-16F7-4668-BE54-9A1E7A4F7556}") = "KnightBus.Nats", "knightbus-nats\src\KnightBus.Nats\KnightBus.Nats.csproj", "{B2C3D139-A60A-4388-AC25-64EBE750B7BE}"
EndProject
Project("{2150E333-8FDC-42A3-9474-1A3956D46DE8}") = "Nats", "Nats", "{8598A638-84C1-4FE0-9E95-ABE6079A00E7}"
EndProject
Project("{9A19103F-16F7-4668-BE54-9A1E7A4F7556}") = "KnightBus.Examples.Nats", "knightbus\examples\KnightBus.Examples.Nats\KnightBus.Examples.Nats.csproj", "{3C9566A8-EB30-491A-9215-B62A30F05764}"
EndProject
Project("{9A19103F-16F7-4668-BE54-9A1E7A4F7556}") = "KnightBus.Nats.Messages", "knightbus-nats\src\KnightBus.Nats.Messages\KnightBus.Nats.Messages.csproj", "{BC97493B-C23A-40A9-AB96-51D93ED689C3}"
EndProject
Project("{FAE04EC0-301F-11D3-BF4B-00C04F79EFBC}") = "KnightBus.Nats.Tests.Unit", "knightbus-nats\tests\KnightBus.Nats.Tests.Unit\KnightBus.Nats.Tests.Unit.csproj", "{4E160CA8-3B3F-404B-ACE5-FA9B696BC921}"
EndProject
Global
	GlobalSection(SolutionConfigurationPlatforms) = preSolution
		Debug|Any CPU = Debug|Any CPU
		Release|Any CPU = Release|Any CPU
	EndGlobalSection
	GlobalSection(ProjectConfigurationPlatforms) = postSolution
		{E08DA575-CB4C-473B-9A6C-1AAFF05BD15B}.Debug|Any CPU.ActiveCfg = Debug|Any CPU
		{E08DA575-CB4C-473B-9A6C-1AAFF05BD15B}.Debug|Any CPU.Build.0 = Debug|Any CPU
		{E08DA575-CB4C-473B-9A6C-1AAFF05BD15B}.Release|Any CPU.ActiveCfg = Release|Any CPU
		{E08DA575-CB4C-473B-9A6C-1AAFF05BD15B}.Release|Any CPU.Build.0 = Release|Any CPU
		{44A2794E-2A9A-4532-93C7-77342AC74AD9}.Debug|Any CPU.ActiveCfg = Debug|Any CPU
		{44A2794E-2A9A-4532-93C7-77342AC74AD9}.Debug|Any CPU.Build.0 = Debug|Any CPU
		{44A2794E-2A9A-4532-93C7-77342AC74AD9}.Release|Any CPU.ActiveCfg = Release|Any CPU
		{44A2794E-2A9A-4532-93C7-77342AC74AD9}.Release|Any CPU.Build.0 = Release|Any CPU
		{9B68E4F6-E70B-4261-8568-7AD595C965F8}.Debug|Any CPU.ActiveCfg = Debug|Any CPU
		{9B68E4F6-E70B-4261-8568-7AD595C965F8}.Debug|Any CPU.Build.0 = Debug|Any CPU
		{9B68E4F6-E70B-4261-8568-7AD595C965F8}.Release|Any CPU.ActiveCfg = Release|Any CPU
		{9B68E4F6-E70B-4261-8568-7AD595C965F8}.Release|Any CPU.Build.0 = Release|Any CPU
		{D56F494C-EE29-4FA9-9FA8-785E496C73AF}.Debug|Any CPU.ActiveCfg = Debug|Any CPU
		{D56F494C-EE29-4FA9-9FA8-785E496C73AF}.Debug|Any CPU.Build.0 = Debug|Any CPU
		{D56F494C-EE29-4FA9-9FA8-785E496C73AF}.Release|Any CPU.ActiveCfg = Release|Any CPU
		{D56F494C-EE29-4FA9-9FA8-785E496C73AF}.Release|Any CPU.Build.0 = Release|Any CPU
		{227165A5-9C2C-4F4A-ABB0-AFDF7F26A47B}.Debug|Any CPU.ActiveCfg = Debug|Any CPU
		{227165A5-9C2C-4F4A-ABB0-AFDF7F26A47B}.Debug|Any CPU.Build.0 = Debug|Any CPU
		{227165A5-9C2C-4F4A-ABB0-AFDF7F26A47B}.Release|Any CPU.ActiveCfg = Release|Any CPU
		{227165A5-9C2C-4F4A-ABB0-AFDF7F26A47B}.Release|Any CPU.Build.0 = Release|Any CPU
		{82F7F082-02F0-448E-B63A-1FC00B41AC02}.Debug|Any CPU.ActiveCfg = Debug|Any CPU
		{82F7F082-02F0-448E-B63A-1FC00B41AC02}.Debug|Any CPU.Build.0 = Debug|Any CPU
		{82F7F082-02F0-448E-B63A-1FC00B41AC02}.Release|Any CPU.ActiveCfg = Release|Any CPU
		{82F7F082-02F0-448E-B63A-1FC00B41AC02}.Release|Any CPU.Build.0 = Release|Any CPU
		{1153465A-C28E-4FEE-9D26-7A80114AB229}.Debug|Any CPU.ActiveCfg = Debug|Any CPU
		{1153465A-C28E-4FEE-9D26-7A80114AB229}.Debug|Any CPU.Build.0 = Debug|Any CPU
		{1153465A-C28E-4FEE-9D26-7A80114AB229}.Release|Any CPU.ActiveCfg = Release|Any CPU
		{1153465A-C28E-4FEE-9D26-7A80114AB229}.Release|Any CPU.Build.0 = Release|Any CPU
		{7FE700F2-1DD3-42F4-B4E1-C9F36B9E2FBF}.Debug|Any CPU.ActiveCfg = Debug|Any CPU
		{7FE700F2-1DD3-42F4-B4E1-C9F36B9E2FBF}.Debug|Any CPU.Build.0 = Debug|Any CPU
		{7FE700F2-1DD3-42F4-B4E1-C9F36B9E2FBF}.Release|Any CPU.ActiveCfg = Release|Any CPU
		{7FE700F2-1DD3-42F4-B4E1-C9F36B9E2FBF}.Release|Any CPU.Build.0 = Release|Any CPU
		{EB4B0858-2DF9-4BCC-AAE9-2B3FB071DBEF}.Debug|Any CPU.ActiveCfg = Debug|Any CPU
		{EB4B0858-2DF9-4BCC-AAE9-2B3FB071DBEF}.Debug|Any CPU.Build.0 = Debug|Any CPU
		{EB4B0858-2DF9-4BCC-AAE9-2B3FB071DBEF}.Release|Any CPU.ActiveCfg = Release|Any CPU
		{EB4B0858-2DF9-4BCC-AAE9-2B3FB071DBEF}.Release|Any CPU.Build.0 = Release|Any CPU
		{21E733BA-CB28-4337-939D-8C5E3A2EB200}.Debug|Any CPU.ActiveCfg = Debug|Any CPU
		{21E733BA-CB28-4337-939D-8C5E3A2EB200}.Debug|Any CPU.Build.0 = Debug|Any CPU
		{21E733BA-CB28-4337-939D-8C5E3A2EB200}.Release|Any CPU.ActiveCfg = Release|Any CPU
		{21E733BA-CB28-4337-939D-8C5E3A2EB200}.Release|Any CPU.Build.0 = Release|Any CPU
		{FC27C3D5-3EA2-4746-B00A-6D93E4F5ED77}.Debug|Any CPU.ActiveCfg = Debug|Any CPU
		{FC27C3D5-3EA2-4746-B00A-6D93E4F5ED77}.Debug|Any CPU.Build.0 = Debug|Any CPU
		{FC27C3D5-3EA2-4746-B00A-6D93E4F5ED77}.Release|Any CPU.ActiveCfg = Release|Any CPU
		{FC27C3D5-3EA2-4746-B00A-6D93E4F5ED77}.Release|Any CPU.Build.0 = Release|Any CPU
		{8D857EE4-99A6-491B-AC65-16403C0088D3}.Debug|Any CPU.ActiveCfg = Debug|Any CPU
		{8D857EE4-99A6-491B-AC65-16403C0088D3}.Debug|Any CPU.Build.0 = Debug|Any CPU
		{8D857EE4-99A6-491B-AC65-16403C0088D3}.Release|Any CPU.ActiveCfg = Release|Any CPU
		{8D857EE4-99A6-491B-AC65-16403C0088D3}.Release|Any CPU.Build.0 = Release|Any CPU
		{937D8E35-3F93-43DC-B5BD-81D758B06256}.Debug|Any CPU.ActiveCfg = Debug|Any CPU
		{937D8E35-3F93-43DC-B5BD-81D758B06256}.Debug|Any CPU.Build.0 = Debug|Any CPU
		{937D8E35-3F93-43DC-B5BD-81D758B06256}.Release|Any CPU.ActiveCfg = Release|Any CPU
		{937D8E35-3F93-43DC-B5BD-81D758B06256}.Release|Any CPU.Build.0 = Release|Any CPU
		{C8BD5072-287A-45F9-8734-F4EE505ABB0F}.Debug|Any CPU.ActiveCfg = Debug|Any CPU
		{C8BD5072-287A-45F9-8734-F4EE505ABB0F}.Debug|Any CPU.Build.0 = Debug|Any CPU
		{C8BD5072-287A-45F9-8734-F4EE505ABB0F}.Release|Any CPU.ActiveCfg = Release|Any CPU
		{C8BD5072-287A-45F9-8734-F4EE505ABB0F}.Release|Any CPU.Build.0 = Release|Any CPU
		{04087FF9-1A26-4230-807F-135E452453C3}.Debug|Any CPU.ActiveCfg = Debug|Any CPU
		{04087FF9-1A26-4230-807F-135E452453C3}.Debug|Any CPU.Build.0 = Debug|Any CPU
		{04087FF9-1A26-4230-807F-135E452453C3}.Release|Any CPU.ActiveCfg = Release|Any CPU
		{04087FF9-1A26-4230-807F-135E452453C3}.Release|Any CPU.Build.0 = Release|Any CPU
		{0CF87A75-F4E6-43E5-AD33-8F0190CC7E1C}.Debug|Any CPU.ActiveCfg = Debug|Any CPU
		{0CF87A75-F4E6-43E5-AD33-8F0190CC7E1C}.Debug|Any CPU.Build.0 = Debug|Any CPU
		{0CF87A75-F4E6-43E5-AD33-8F0190CC7E1C}.Release|Any CPU.ActiveCfg = Release|Any CPU
		{0CF87A75-F4E6-43E5-AD33-8F0190CC7E1C}.Release|Any CPU.Build.0 = Release|Any CPU
		{F1E48797-D982-45B6-8974-27443653BD06}.Debug|Any CPU.ActiveCfg = Debug|Any CPU
		{F1E48797-D982-45B6-8974-27443653BD06}.Debug|Any CPU.Build.0 = Debug|Any CPU
		{F1E48797-D982-45B6-8974-27443653BD06}.Release|Any CPU.ActiveCfg = Release|Any CPU
		{F1E48797-D982-45B6-8974-27443653BD06}.Release|Any CPU.Build.0 = Release|Any CPU
		{4B4B81DE-F55A-41D0-8A81-ACDE0E6F8D70}.Debug|Any CPU.ActiveCfg = Debug|Any CPU
		{4B4B81DE-F55A-41D0-8A81-ACDE0E6F8D70}.Debug|Any CPU.Build.0 = Debug|Any CPU
		{4B4B81DE-F55A-41D0-8A81-ACDE0E6F8D70}.Release|Any CPU.ActiveCfg = Release|Any CPU
		{4B4B81DE-F55A-41D0-8A81-ACDE0E6F8D70}.Release|Any CPU.Build.0 = Release|Any CPU
		{7581A813-255D-4B0F-B6FC-B759523780A5}.Debug|Any CPU.ActiveCfg = Debug|Any CPU
		{7581A813-255D-4B0F-B6FC-B759523780A5}.Debug|Any CPU.Build.0 = Debug|Any CPU
		{7581A813-255D-4B0F-B6FC-B759523780A5}.Release|Any CPU.ActiveCfg = Release|Any CPU
		{7581A813-255D-4B0F-B6FC-B759523780A5}.Release|Any CPU.Build.0 = Release|Any CPU
		{2B1B4AE9-18FF-4D79-92BB-C337EC665974}.Debug|Any CPU.ActiveCfg = Debug|Any CPU
		{2B1B4AE9-18FF-4D79-92BB-C337EC665974}.Debug|Any CPU.Build.0 = Debug|Any CPU
		{2B1B4AE9-18FF-4D79-92BB-C337EC665974}.Release|Any CPU.ActiveCfg = Release|Any CPU
		{2B1B4AE9-18FF-4D79-92BB-C337EC665974}.Release|Any CPU.Build.0 = Release|Any CPU
		{3BB50500-1F7C-44B0-9310-A5B1EE0A1E44}.Debug|Any CPU.ActiveCfg = Debug|Any CPU
		{3BB50500-1F7C-44B0-9310-A5B1EE0A1E44}.Debug|Any CPU.Build.0 = Debug|Any CPU
		{3BB50500-1F7C-44B0-9310-A5B1EE0A1E44}.Release|Any CPU.ActiveCfg = Release|Any CPU
		{3BB50500-1F7C-44B0-9310-A5B1EE0A1E44}.Release|Any CPU.Build.0 = Release|Any CPU
		{35C6CE61-34EC-4854-AD37-994A9454C6B9}.Debug|Any CPU.ActiveCfg = Debug|Any CPU
		{35C6CE61-34EC-4854-AD37-994A9454C6B9}.Debug|Any CPU.Build.0 = Debug|Any CPU
		{35C6CE61-34EC-4854-AD37-994A9454C6B9}.Release|Any CPU.ActiveCfg = Release|Any CPU
		{35C6CE61-34EC-4854-AD37-994A9454C6B9}.Release|Any CPU.Build.0 = Release|Any CPU
		{BD6A7EC2-E5A7-48C9-ADA4-0E3A824D8717}.Debug|Any CPU.ActiveCfg = Debug|Any CPU
		{BD6A7EC2-E5A7-48C9-ADA4-0E3A824D8717}.Debug|Any CPU.Build.0 = Debug|Any CPU
		{BD6A7EC2-E5A7-48C9-ADA4-0E3A824D8717}.Release|Any CPU.ActiveCfg = Release|Any CPU
		{BD6A7EC2-E5A7-48C9-ADA4-0E3A824D8717}.Release|Any CPU.Build.0 = Release|Any CPU
		{495A52A9-3268-4744-BCD4-BEEECDD525F7}.Debug|Any CPU.ActiveCfg = Debug|Any CPU
		{495A52A9-3268-4744-BCD4-BEEECDD525F7}.Debug|Any CPU.Build.0 = Debug|Any CPU
		{495A52A9-3268-4744-BCD4-BEEECDD525F7}.Release|Any CPU.ActiveCfg = Release|Any CPU
		{495A52A9-3268-4744-BCD4-BEEECDD525F7}.Release|Any CPU.Build.0 = Release|Any CPU
		{A99FCB87-B55A-42D7-9ED8-229A03321E2D}.Debug|Any CPU.ActiveCfg = Debug|Any CPU
		{A99FCB87-B55A-42D7-9ED8-229A03321E2D}.Debug|Any CPU.Build.0 = Debug|Any CPU
		{A99FCB87-B55A-42D7-9ED8-229A03321E2D}.Release|Any CPU.ActiveCfg = Release|Any CPU
		{A99FCB87-B55A-42D7-9ED8-229A03321E2D}.Release|Any CPU.Build.0 = Release|Any CPU
		{30C220D7-0F23-4742-9856-3D6466A1857A}.Debug|Any CPU.ActiveCfg = Debug|Any CPU
		{30C220D7-0F23-4742-9856-3D6466A1857A}.Debug|Any CPU.Build.0 = Debug|Any CPU
		{30C220D7-0F23-4742-9856-3D6466A1857A}.Release|Any CPU.ActiveCfg = Release|Any CPU
		{30C220D7-0F23-4742-9856-3D6466A1857A}.Release|Any CPU.Build.0 = Release|Any CPU
		{35D22A20-2E1E-4CA7-8EE4-A33C5A08AD11}.Debug|Any CPU.ActiveCfg = Debug|Any CPU
		{35D22A20-2E1E-4CA7-8EE4-A33C5A08AD11}.Debug|Any CPU.Build.0 = Debug|Any CPU
		{35D22A20-2E1E-4CA7-8EE4-A33C5A08AD11}.Release|Any CPU.ActiveCfg = Release|Any CPU
		{35D22A20-2E1E-4CA7-8EE4-A33C5A08AD11}.Release|Any CPU.Build.0 = Release|Any CPU
		{7E533C8D-75F9-46A9-B1F0-186E6EBE6A84}.Debug|Any CPU.ActiveCfg = Debug|Any CPU
		{7E533C8D-75F9-46A9-B1F0-186E6EBE6A84}.Debug|Any CPU.Build.0 = Debug|Any CPU
		{7E533C8D-75F9-46A9-B1F0-186E6EBE6A84}.Release|Any CPU.ActiveCfg = Release|Any CPU
		{7E533C8D-75F9-46A9-B1F0-186E6EBE6A84}.Release|Any CPU.Build.0 = Release|Any CPU
		{E90F3022-E41B-452A-8991-EB615621BC8C}.Debug|Any CPU.ActiveCfg = Debug|Any CPU
		{E90F3022-E41B-452A-8991-EB615621BC8C}.Debug|Any CPU.Build.0 = Debug|Any CPU
		{E90F3022-E41B-452A-8991-EB615621BC8C}.Release|Any CPU.ActiveCfg = Release|Any CPU
		{E90F3022-E41B-452A-8991-EB615621BC8C}.Release|Any CPU.Build.0 = Release|Any CPU
		{C7125035-C8A5-4036-915E-817FBCAC7FBA}.Debug|Any CPU.ActiveCfg = Debug|Any CPU
		{C7125035-C8A5-4036-915E-817FBCAC7FBA}.Debug|Any CPU.Build.0 = Debug|Any CPU
		{C7125035-C8A5-4036-915E-817FBCAC7FBA}.Release|Any CPU.ActiveCfg = Release|Any CPU
		{C7125035-C8A5-4036-915E-817FBCAC7FBA}.Release|Any CPU.Build.0 = Release|Any CPU
		{D50B4102-ABDC-4DCD-91E8-37DE31247CA3}.Debug|Any CPU.ActiveCfg = Debug|Any CPU
		{D50B4102-ABDC-4DCD-91E8-37DE31247CA3}.Debug|Any CPU.Build.0 = Debug|Any CPU
		{D50B4102-ABDC-4DCD-91E8-37DE31247CA3}.Release|Any CPU.ActiveCfg = Release|Any CPU
		{D50B4102-ABDC-4DCD-91E8-37DE31247CA3}.Release|Any CPU.Build.0 = Release|Any CPU
		{B2C3D139-A60A-4388-AC25-64EBE750B7BE}.Debug|Any CPU.ActiveCfg = Debug|Any CPU
		{B2C3D139-A60A-4388-AC25-64EBE750B7BE}.Debug|Any CPU.Build.0 = Debug|Any CPU
		{B2C3D139-A60A-4388-AC25-64EBE750B7BE}.Release|Any CPU.ActiveCfg = Release|Any CPU
		{B2C3D139-A60A-4388-AC25-64EBE750B7BE}.Release|Any CPU.Build.0 = Release|Any CPU
		{3C9566A8-EB30-491A-9215-B62A30F05764}.Debug|Any CPU.ActiveCfg = Debug|Any CPU
		{3C9566A8-EB30-491A-9215-B62A30F05764}.Debug|Any CPU.Build.0 = Debug|Any CPU
		{3C9566A8-EB30-491A-9215-B62A30F05764}.Release|Any CPU.ActiveCfg = Release|Any CPU
		{3C9566A8-EB30-491A-9215-B62A30F05764}.Release|Any CPU.Build.0 = Release|Any CPU
		{BC97493B-C23A-40A9-AB96-51D93ED689C3}.Debug|Any CPU.ActiveCfg = Debug|Any CPU
		{BC97493B-C23A-40A9-AB96-51D93ED689C3}.Debug|Any CPU.Build.0 = Debug|Any CPU
		{BC97493B-C23A-40A9-AB96-51D93ED689C3}.Release|Any CPU.ActiveCfg = Release|Any CPU
		{BC97493B-C23A-40A9-AB96-51D93ED689C3}.Release|Any CPU.Build.0 = Release|Any CPU
		{4E160CA8-3B3F-404B-ACE5-FA9B696BC921}.Debug|Any CPU.ActiveCfg = Debug|Any CPU
		{4E160CA8-3B3F-404B-ACE5-FA9B696BC921}.Debug|Any CPU.Build.0 = Debug|Any CPU
		{4E160CA8-3B3F-404B-ACE5-FA9B696BC921}.Release|Any CPU.ActiveCfg = Release|Any CPU
		{4E160CA8-3B3F-404B-ACE5-FA9B696BC921}.Release|Any CPU.Build.0 = Release|Any CPU
	EndGlobalSection
	GlobalSection(SolutionProperties) = preSolution
		HideSolutionNode = FALSE
	EndGlobalSection
	GlobalSection(NestedProjects) = preSolution
		{82F7F082-02F0-448E-B63A-1FC00B41AC02} = {BFEEC811-DB77-4EF0-B43E-238FAF440E3A}
		{1153465A-C28E-4FEE-9D26-7A80114AB229} = {BFEEC811-DB77-4EF0-B43E-238FAF440E3A}
		{7FE700F2-1DD3-42F4-B4E1-C9F36B9E2FBF} = {46D48336-73CC-4A9B-8B5F-14725D2AFFB4}
		{EB4B0858-2DF9-4BCC-AAE9-2B3FB071DBEF} = {46D48336-73CC-4A9B-8B5F-14725D2AFFB4}
		{21E733BA-CB28-4337-939D-8C5E3A2EB200} = {46D48336-73CC-4A9B-8B5F-14725D2AFFB4}
		{FC27C3D5-3EA2-4746-B00A-6D93E4F5ED77} = {1A7A20B2-65E7-4712-B93B-4AA3F73017A8}
		{8D857EE4-99A6-491B-AC65-16403C0088D3} = {1A7A20B2-65E7-4712-B93B-4AA3F73017A8}
		{BFEEC811-DB77-4EF0-B43E-238FAF440E3A} = {60DD8989-3730-42B9-BD7B-3B38A6208FFB}
		{46D48336-73CC-4A9B-8B5F-14725D2AFFB4} = {60DD8989-3730-42B9-BD7B-3B38A6208FFB}
		{937D8E35-3F93-43DC-B5BD-81D758B06256} = {09D121DD-771E-478D-8E10-080D65929948}
		{C8BD5072-287A-45F9-8734-F4EE505ABB0F} = {09D121DD-771E-478D-8E10-080D65929948}
		{09D121DD-771E-478D-8E10-080D65929948} = {60DD8989-3730-42B9-BD7B-3B38A6208FFB}
		{04087FF9-1A26-4230-807F-135E452453C3} = {1A7A20B2-65E7-4712-B93B-4AA3F73017A8}
		{3BB50500-1F7C-44B0-9310-A5B1EE0A1E44} = {1A7A20B2-65E7-4712-B93B-4AA3F73017A8}
		{BD6A7EC2-E5A7-48C9-ADA4-0E3A824D8717} = {09D121DD-771E-478D-8E10-080D65929948}
		{495A52A9-3268-4744-BCD4-BEEECDD525F7} = {09D121DD-771E-478D-8E10-080D65929948}
		{35D22A20-2E1E-4CA7-8EE4-A33C5A08AD11} = {46D48336-73CC-4A9B-8B5F-14725D2AFFB4}
		{B2C3D139-A60A-4388-AC25-64EBE750B7BE} = {8598A638-84C1-4FE0-9E95-ABE6079A00E7}
		{8598A638-84C1-4FE0-9E95-ABE6079A00E7} = {60DD8989-3730-42B9-BD7B-3B38A6208FFB}
		{3C9566A8-EB30-491A-9215-B62A30F05764} = {1A7A20B2-65E7-4712-B93B-4AA3F73017A8}
		{BC97493B-C23A-40A9-AB96-51D93ED689C3} = {8598A638-84C1-4FE0-9E95-ABE6079A00E7}
		{4E160CA8-3B3F-404B-ACE5-FA9B696BC921} = {8598A638-84C1-4FE0-9E95-ABE6079A00E7}
	EndGlobalSection
	GlobalSection(ExtensibilityGlobals) = postSolution
		SolutionGuid = {14950A56-4265-429E-AF71-2D98B3B8AC48}
	EndGlobalSection
EndGlobal
