
Microsoft Visual Studio Solution File, Format Version 12.00
# Visual Studio 15
VisualStudioVersion = 15.0.28010.2046
MinimumVisualStudioVersion = 10.0.40219.1
Project("{9A19103F-16F7-4668-BE54-9A1E7A4F7556}") = "KnightBus.Azure.Storage", "src\KnightBus.Azure.Storage\KnightBus.Azure.Storage.csproj", "{45B5F63F-6BF7-4A44-9D12-EFD8C950B243}"
EndProject
Project("{9A19103F-16F7-4668-BE54-9A1E7A4F7556}") = "KnightBus.Azure.Storage.Messages", "src\KnightBus.Azure.Storage.Messages\KnightBus.Azure.Storage.Messages.csproj", "{2A41603F-3470-4A7D-BA47-943CE34A2747}"
EndProject
Project("{9A19103F-16F7-4668-BE54-9A1E7A4F7556}") = "KnightBus.Azure.Storage.Tests.Unit", "tests\KnightBus.Azure.Storage.Tests.Unit\KnightBus.Azure.Storage.Tests.Unit.csproj", "{D912A5A5-4265-40A0-A9D6-FB427FADDBC3}"
EndProject
Project("{9A19103F-16F7-4668-BE54-9A1E7A4F7556}") = "KnightBus.Messages", "..\knightbus\src\KnightBus.Messages\KnightBus.Messages.csproj", "{B462ADC3-9A51-4511-9B2A-6ADC2F79286D}"
EndProject
Project("{9A19103F-16F7-4668-BE54-9A1E7A4F7556}") = "KnightBus.Core", "..\knightbus\src\KnightBus.Core\KnightBus.Core.csproj", "{D22A71CD-FAFA-41B7-9128-26E48EFCF91E}"
EndProject
Global
	GlobalSection(SolutionConfigurationPlatforms) = preSolution
		Debug|Any CPU = Debug|Any CPU
		Release|Any CPU = Release|Any CPU
	EndGlobalSection
	GlobalSection(ProjectConfigurationPlatforms) = postSolution
		{45B5F63F-6BF7-4A44-9D12-EFD8C950B243}.Debug|Any CPU.ActiveCfg = Debug|Any CPU
		{45B5F63F-6BF7-4A44-9D12-EFD8C950B243}.Debug|Any CPU.Build.0 = Debug|Any CPU
		{45B5F63F-6BF7-4A44-9D12-EFD8C950B243}.Release|Any CPU.ActiveCfg = Release|Any CPU
		{45B5F63F-6BF7-4A44-9D12-EFD8C950B243}.Release|Any CPU.Build.0 = Release|Any CPU
		{2A41603F-3470-4A7D-BA47-943CE34A2747}.Debug|Any CPU.ActiveCfg = Debug|Any CPU
		{2A41603F-3470-4A7D-BA47-943CE34A2747}.Debug|Any CPU.Build.0 = Debug|Any CPU
		{2A41603F-3470-4A7D-BA47-943CE34A2747}.Release|Any CPU.ActiveCfg = Release|Any CPU
		{2A41603F-3470-4A7D-BA47-943CE34A2747}.Release|Any CPU.Build.0 = Release|Any CPU
		{D912A5A5-4265-40A0-A9D6-FB427FADDBC3}.Debug|Any CPU.ActiveCfg = Debug|Any CPU
		{D912A5A5-4265-40A0-A9D6-FB427FADDBC3}.Debug|Any CPU.Build.0 = Debug|Any CPU
		{D912A5A5-4265-40A0-A9D6-FB427FADDBC3}.Release|Any CPU.ActiveCfg = Release|Any CPU
		{D912A5A5-4265-40A0-A9D6-FB427FADDBC3}.Release|Any CPU.Build.0 = Release|Any CPU
		{B462ADC3-9A51-4511-9B2A-6ADC2F79286D}.Debug|Any CPU.ActiveCfg = Debug|Any CPU
		{B462ADC3-9A51-4511-9B2A-6ADC2F79286D}.Debug|Any CPU.Build.0 = Debug|Any CPU
		{B462ADC3-9A51-4511-9B2A-6ADC2F79286D}.Release|Any CPU.ActiveCfg = Release|Any CPU
		{B462ADC3-9A51-4511-9B2A-6ADC2F79286D}.Release|Any CPU.Build.0 = Release|Any CPU
		{D22A71CD-FAFA-41B7-9128-26E48EFCF91E}.Debug|Any CPU.ActiveCfg = Debug|Any CPU
		{D22A71CD-FAFA-41B7-9128-26E48EFCF91E}.Debug|Any CPU.Build.0 = Debug|Any CPU
		{D22A71CD-FAFA-41B7-9128-26E48EFCF91E}.Release|Any CPU.ActiveCfg = Release|Any CPU
		{D22A71CD-FAFA-41B7-9128-26E48EFCF91E}.Release|Any CPU.Build.0 = Release|Any CPU
	EndGlobalSection
	GlobalSection(SolutionProperties) = preSolution
		HideSolutionNode = FALSE
	EndGlobalSection
	GlobalSection(ExtensibilityGlobals) = postSolution
		SolutionGuid = {E92C20E9-831E-41EC-A98A-23E072AB7B87}
	EndGlobalSection
EndGlobal
