
Microsoft Visual Studio Solution File, Format Version 12.00
# Visual Studio 15
VisualStudioVersion = 15.0.28010.2046
MinimumVisualStudioVersion = 10.0.40219.1
Project("{9A19103F-16F7-4668-BE54-9A1E7A4F7556}") = "KnightBus.Serilog", "src\KnightBus.Serilog\KnightBus.Serilog.csproj", "{D4A9BB05-3093-41AA-B8B6-1DA1C169AA9B}"
EndProject
Project("{9A19103F-16F7-4668-BE54-9A1E7A4F7556}") = "KnightBus.Core", "..\knightbus\src\KnightBus.Core\KnightBus.Core.csproj", "{23F07501-BCB7-4F19-9C57-8DCD38DA8B96}"
EndProject
Global
	GlobalSection(SolutionConfigurationPlatforms) = preSolution
		Debug|Any CPU = Debug|Any CPU
		Release|Any CPU = Release|Any CPU
	EndGlobalSection
	GlobalSection(ProjectConfigurationPlatforms) = postSolution
		{D4A9BB05-3093-41AA-B8B6-1DA1C169AA9B}.Debug|Any CPU.ActiveCfg = Debug|Any CPU
		{D4A9BB05-3093-41AA-B8B6-1DA1C169AA9B}.Debug|Any CPU.Build.0 = Debug|Any CPU
		{D4A9BB05-3093-41AA-B8B6-1DA1C169AA9B}.Release|Any CPU.ActiveCfg = Release|Any CPU
		{D4A9BB05-3093-41AA-B8B6-1DA1C169AA9B}.Release|Any CPU.Build.0 = Release|Any CPU
		{23F07501-BCB7-4F19-9C57-8DCD38DA8B96}.Debug|Any CPU.ActiveCfg = Debug|Any CPU
		{23F07501-BCB7-4F19-9C57-8DCD38DA8B96}.Debug|Any CPU.Build.0 = Debug|Any CPU
		{23F07501-BCB7-4F19-9C57-8DCD38DA8B96}.Release|Any CPU.ActiveCfg = Release|Any CPU
		{23F07501-BCB7-4F19-9C57-8DCD38DA8B96}.Release|Any CPU.Build.0 = Release|Any CPU
	EndGlobalSection
	GlobalSection(SolutionProperties) = preSolution
		HideSolutionNode = FALSE
	EndGlobalSection
	GlobalSection(ExtensibilityGlobals) = postSolution
		SolutionGuid = {CEC39C19-9EB5-4F4D-AB11-52F1AEC33276}
	EndGlobalSection
EndGlobal
